
Microsoft Visual Studio Solution File, Format Version 12.00
# Visual Studio Version 16
VisualStudioVersion = 16.0.30114.105
MinimumVisualStudioVersion = 10.0.40219.1
Project("{FAE04EC0-301F-11D3-BF4B-00C04F79EFBC}") = "Diagnostic Medical Center", "Diagnostic Medical Center.csproj", "{C2CCE015-FDB9-40C7-8A23-00794E5F9921}"
EndProject
Project("{FAE04EC0-301F-11D3-BF4B-00C04F79EFBC}") = "Diagnostic Medical Center.Tests", "..\Diagnostic Medical Center.Tests\Diagnostic Medical Center.Tests.csproj", "{AADCFB9D-229F-4813-8E02-963AF4C6A31E}"
EndProject
Global
	GlobalSection(SolutionConfigurationPlatforms) = preSolution
		Debug|Any CPU = Debug|Any CPU
		Release|Any CPU = Release|Any CPU
	EndGlobalSection
	GlobalSection(ProjectConfigurationPlatforms) = postSolution
		{C2CCE015-FDB9-40C7-8A23-00794E5F9921}.Debug|Any CPU.ActiveCfg = Debug|Any CPU
		{C2CCE015-FDB9-40C7-8A23-00794E5F9921}.Debug|Any CPU.Build.0 = Debug|Any CPU
		{C2CCE015-FDB9-40C7-8A23-00794E5F9921}.Release|Any CPU.ActiveCfg = Release|Any CPU
		{C2CCE015-FDB9-40C7-8A23-00794E5F9921}.Release|Any CPU.Build.0 = Release|Any CPU
		{AADCFB9D-229F-4813-8E02-963AF4C6A31E}.Debug|Any CPU.ActiveCfg = Debug|Any CPU
		{AADCFB9D-229F-4813-8E02-963AF4C6A31E}.Debug|Any CPU.Build.0 = Debug|Any CPU
		{AADCFB9D-229F-4813-8E02-963AF4C6A31E}.Release|Any CPU.ActiveCfg = Release|Any CPU
		{AADCFB9D-229F-4813-8E02-963AF4C6A31E}.Release|Any CPU.Build.0 = Release|Any CPU
	EndGlobalSection
	GlobalSection(SolutionProperties) = preSolution
		HideSolutionNode = FALSE
	EndGlobalSection
	GlobalSection(ExtensibilityGlobals) = postSolution
		SolutionGuid = {DE8E9F47-1C76-44F1-890B-6D4CED4CB939}
	EndGlobalSection
EndGlobal
